
Microsoft Visual Studio Solution File, Format Version 12.00
# Visual Studio Version 17
VisualStudioVersion = 17.3.32922.545
MinimumVisualStudioVersion = 10.0.40219.1
Project("{FAE04EC0-301F-11D3-BF4B-00C04F79EFBC}") = "API_ServiceHavelsan", "API_ServiceHavelsan\API_ServiceHavelsan.csproj", "{EC6A170E-0051-414F-81D5-D01413E54043}"
EndProject
Global
	GlobalSection(SolutionConfigurationPlatforms) = preSolution
		Debug|Any CPU = Debug|Any CPU
		Release|Any CPU = Release|Any CPU
	EndGlobalSection
	GlobalSection(ProjectConfigurationPlatforms) = postSolution
		{EC6A170E-0051-414F-81D5-D01413E54043}.Debug|Any CPU.ActiveCfg = Debug|Any CPU
		{EC6A170E-0051-414F-81D5-D01413E54043}.Debug|Any CPU.Build.0 = Debug|Any CPU
		{EC6A170E-0051-414F-81D5-D01413E54043}.Release|Any CPU.ActiveCfg = Release|Any CPU
		{EC6A170E-0051-414F-81D5-D01413E54043}.Release|Any CPU.Build.0 = Release|Any CPU
	EndGlobalSection
	GlobalSection(SolutionProperties) = preSolution
		HideSolutionNode = FALSE
	EndGlobalSection
	GlobalSection(ExtensibilityGlobals) = postSolution
		SolutionGuid = {2DEC527C-E4C2-49B5-B03F-F1AF48735273}
	EndGlobalSection
EndGlobal
